
Microsoft Visual Studio Solution File, Format Version 12.00
# Visual Studio 15
VisualStudioVersion = 15.0.26430.6
MinimumVisualStudioVersion = 10.0.40219.1
Project("{8BC9CEB8-8B4A-11D0-8D11-00A0C91BC942}") = "rtmp", "rtmp\rtmp.vcxproj", "{C3D4B1E1-CC76-45DC-BDC0-5A71A3318C7C}"
EndProject
Project("{8BC9CEB8-8B4A-11D0-8D11-00A0C91BC942}") = "player", "player\player.vcxproj", "{7DF23844-0E79-4053-B01D-9A175A8E4FB3}"
EndProject
Project("{8BC9CEB8-8B4A-11D0-8D11-00A0C91BC942}") = "FFMPEGStreamingDLL", "FFMPEGStreamingDLL\FFMPEGStreamingDLL.vcxproj", "{625154F6-43C7-4C51-91F9-B61F4603C758}"
EndProject
Project("{8BC9CEB8-8B4A-11D0-8D11-00A0C91BC942}") = "BasicInputDemo", "BasicInputDemo\BasicInputDemo.vcxproj", "{DD24E300-AD8D-41D7-8A70-C190D189DF28}"
	ProjectSection(ProjectDependencies) = postProject
		{625154F6-43C7-4C51-91F9-B61F4603C758} = {625154F6-43C7-4C51-91F9-B61F4603C758}
	EndProjectSection
EndProject
Global
	GlobalSection(SolutionConfigurationPlatforms) = preSolution
		Debug|x64 = Debug|x64
		Debug|x86 = Debug|x86
		Release|x64 = Release|x64
		Release|x86 = Release|x86
	EndGlobalSection
	GlobalSection(ProjectConfigurationPlatforms) = postSolution
		{C3D4B1E1-CC76-45DC-BDC0-5A71A3318C7C}.Debug|x64.ActiveCfg = Debug|x64
		{C3D4B1E1-CC76-45DC-BDC0-5A71A3318C7C}.Debug|x64.Build.0 = Debug|x64
		{C3D4B1E1-CC76-45DC-BDC0-5A71A3318C7C}.Debug|x86.ActiveCfg = Debug|x64
		{C3D4B1E1-CC76-45DC-BDC0-5A71A3318C7C}.Debug|x86.Build.0 = Debug|x64
		{C3D4B1E1-CC76-45DC-BDC0-5A71A3318C7C}.Release|x64.ActiveCfg = Release|x64
		{C3D4B1E1-CC76-45DC-BDC0-5A71A3318C7C}.Release|x64.Build.0 = Release|x64
		{C3D4B1E1-CC76-45DC-BDC0-5A71A3318C7C}.Release|x86.ActiveCfg = Release|x64
		{C3D4B1E1-CC76-45DC-BDC0-5A71A3318C7C}.Release|x86.Build.0 = Release|x64
		{7DF23844-0E79-4053-B01D-9A175A8E4FB3}.Debug|x64.ActiveCfg = Debug|x64
		{7DF23844-0E79-4053-B01D-9A175A8E4FB3}.Debug|x64.Build.0 = Debug|x64
		{7DF23844-0E79-4053-B01D-9A175A8E4FB3}.Debug|x86.ActiveCfg = Debug|x64
		{7DF23844-0E79-4053-B01D-9A175A8E4FB3}.Debug|x86.Build.0 = Debug|x64
		{7DF23844-0E79-4053-B01D-9A175A8E4FB3}.Release|x64.ActiveCfg = Release|x64
		{7DF23844-0E79-4053-B01D-9A175A8E4FB3}.Release|x64.Build.0 = Release|x64
		{7DF23844-0E79-4053-B01D-9A175A8E4FB3}.Release|x86.ActiveCfg = Release|x64
		{7DF23844-0E79-4053-B01D-9A175A8E4FB3}.Release|x86.Build.0 = Release|x64
		{625154F6-43C7-4C51-91F9-B61F4603C758}.Debug|x64.ActiveCfg = Debug|x64
		{625154F6-43C7-4C51-91F9-B61F4603C758}.Debug|x64.Build.0 = Debug|x64
		{625154F6-43C7-4C51-91F9-B61F4603C758}.Debug|x86.ActiveCfg = Debug|x64
		{625154F6-43C7-4C51-91F9-B61F4603C758}.Debug|x86.Build.0 = Debug|x64
		{625154F6-43C7-4C51-91F9-B61F4603C758}.Release|x64.ActiveCfg = Release|x64
		{625154F6-43C7-4C51-91F9-B61F4603C758}.Release|x86.ActiveCfg = Release|x64
		{DD24E300-AD8D-41D7-8A70-C190D189DF28}.Debug|x64.ActiveCfg = Debug|x64
		{DD24E300-AD8D-41D7-8A70-C190D189DF28}.Debug|x64.Build.0 = Debug|x64
		{DD24E300-AD8D-41D7-8A70-C190D189DF28}.Debug|x86.ActiveCfg = Debug|x64
		{DD24E300-AD8D-41D7-8A70-C190D189DF28}.Debug|x86.Build.0 = Debug|x64
		{DD24E300-AD8D-41D7-8A70-C190D189DF28}.Release|x64.ActiveCfg = Release|x64
		{DD24E300-AD8D-41D7-8A70-C190D189DF28}.Release|x64.Build.0 = Release|x64
		{DD24E300-AD8D-41D7-8A70-C190D189DF28}.Release|x86.ActiveCfg = Release|x64
		{DD24E300-AD8D-41D7-8A70-C190D189DF28}.Release|x86.Build.0 = Release|x64
	EndGlobalSection
	GlobalSection(SolutionProperties) = preSolution
		HideSolutionNode = FALSE
	EndGlobalSection
	GlobalSection(ExtensibilityGlobals) = postSolution
		SolutionGuid = {F507AB40-8901-43BC-9FB1-EBA3D39AD4F2}
	EndGlobalSection
EndGlobal
